Microsoft Visual Studio Solution File, Format Version 12.00
# Visual Studio Version 17
VisualStudioVersion = 17.5.2.0
MinimumVisualStudioVersion = 10.0.40219.1
Project("{FAE04EC0-301F-11D3-BF4B-00C04F79EFBC}") = "PiProject", "PiProject.csproj", "{8B1A8F9E-458F-DDE9-4A72-5D8033F507A1}"
EndProject
Global
	GlobalSection(SolutionConfigurationPlatforms) = preSolution
		Debug|Any CPU = Debug|Any CPU
		Release|Any CPU = Release|Any CPU
	EndGlobalSection
	GlobalSection(ProjectConfigurationPlatforms) = postSolution
		{8B1A8F9E-458F-DDE9-4A72-5D8033F507A1}.Debug|Any CPU.ActiveCfg = Debug|Any CPU
		{8B1A8F9E-458F-DDE9-4A72-5D8033F507A1}.Debug|Any CPU.Build.0 = Debug|Any CPU
		{8B1A8F9E-458F-DDE9-4A72-5D8033F507A1}.Release|Any CPU.ActiveCfg = Release|Any CPU
		{8B1A8F9E-458F-DDE9-4A72-5D8033F507A1}.Release|Any CPU.Build.0 = Release|Any CPU
	EndGlobalSection
	GlobalSection(SolutionProperties) = preSolution
		HideSolutionNode = FALSE
	EndGlobalSection
	GlobalSection(ExtensibilityGlobals) = postSolution
		SolutionGuid = {11C46094-C8D0-4382-8555-786C297F2866}
	EndGlobalSection
EndGlobal
